
Microsoft Visual Studio Solution File, Format Version 12.00
# Visual Studio 15
VisualStudioVersion = 15.0.27428.2027
MinimumVisualStudioVersion = 10.0.40219.1
Project("{9A19103F-16F7-4668-BE54-9A1E7A4F7556}") = "Tp.Core.Functional", "Tp.Core.Functional\Tp.Core.Functional.csproj", "{2F76EE80-7523-493B-9677-4739C86837C3}"
EndProject
Project("{9A19103F-16F7-4668-BE54-9A1E7A4F7556}") = "Tp.Core.Functional.Tests", "Tp.Core.Functional.Tests\Tp.Core.Functional.Tests.csproj", "{AF4AC38C-1D84-4AC4-B725-EF436F989E58}"
EndProject
Global
	GlobalSection(SolutionConfigurationPlatforms) = preSolution
		Debug|Any CPU = Debug|Any CPU
		Release|Any CPU = Release|Any CPU
	EndGlobalSection
	GlobalSection(ProjectConfigurationPlatforms) = postSolution
		{2F76EE80-7523-493B-9677-4739C86837C3}.Debug|Any CPU.ActiveCfg = Debug|Any CPU
		{2F76EE80-7523-493B-9677-4739C86837C3}.Debug|Any CPU.Build.0 = Debug|Any CPU
		{2F76EE80-7523-493B-9677-4739C86837C3}.Release|Any CPU.ActiveCfg = Release|Any CPU
		{2F76EE80-7523-493B-9677-4739C86837C3}.Release|Any CPU.Build.0 = Release|Any CPU
		{AF4AC38C-1D84-4AC4-B725-EF436F989E58}.Debug|Any CPU.ActiveCfg = Debug|Any CPU
		{AF4AC38C-1D84-4AC4-B725-EF436F989E58}.Debug|Any CPU.Build.0 = Debug|Any CPU
		{AF4AC38C-1D84-4AC4-B725-EF436F989E58}.Release|Any CPU.ActiveCfg = Release|Any CPU
	EndGlobalSection
	GlobalSection(SolutionProperties) = preSolution
		HideSolutionNode = FALSE
	EndGlobalSection
	GlobalSection(ExtensibilityGlobals) = postSolution
		SolutionGuid = {2BE58067-A5CC-4368-BBC2-641721EF31C4}
	EndGlobalSection
EndGlobal
